
Microsoft Visual Studio Solution File, Format Version 12.00
# Visual Studio Version 16
VisualStudioVersion = 16.0.29728.190
MinimumVisualStudioVersion = 10.0.40219.1
Project("{9A19103F-16F7-4668-BE54-9A1E7A4F7556}") = "EmployeePortal", "EmployeePortal\EmployeePortal.csproj", "{015268A3-8ADE-4C55-B3FC-71A53FB7B8A7}"
EndProject
Project("{FAE04EC0-301F-11D3-BF4B-00C04F79EFBC}") = "EmployeeService", "EmployeeService\EmployeeService.csproj", "{E666A170-3C96-4F72-91D0-C66B94AB0F28}"
EndProject
Project("{FAE04EC0-301F-11D3-BF4B-00C04F79EFBC}") = "SQLDataEntity", "SQLDataEntity\SQLDataEntity.csproj", "{0C0F47AC-8BC1-41BE-A99B-A3D632C4D117}"
EndProject
Global
	GlobalSection(SolutionConfigurationPlatforms) = preSolution
		Debug|Any CPU = Debug|Any CPU
		Release|Any CPU = Release|Any CPU
	EndGlobalSection
	GlobalSection(ProjectConfigurationPlatforms) = postSolution
		{015268A3-8ADE-4C55-B3FC-71A53FB7B8A7}.Debug|Any CPU.ActiveCfg = Debug|Any CPU
		{015268A3-8ADE-4C55-B3FC-71A53FB7B8A7}.Debug|Any CPU.Build.0 = Debug|Any CPU
		{015268A3-8ADE-4C55-B3FC-71A53FB7B8A7}.Release|Any CPU.ActiveCfg = Release|Any CPU
		{015268A3-8ADE-4C55-B3FC-71A53FB7B8A7}.Release|Any CPU.Build.0 = Release|Any CPU
		{E666A170-3C96-4F72-91D0-C66B94AB0F28}.Debug|Any CPU.ActiveCfg = Debug|Any CPU
		{E666A170-3C96-4F72-91D0-C66B94AB0F28}.Debug|Any CPU.Build.0 = Debug|Any CPU
		{E666A170-3C96-4F72-91D0-C66B94AB0F28}.Release|Any CPU.ActiveCfg = Release|Any CPU
		{E666A170-3C96-4F72-91D0-C66B94AB0F28}.Release|Any CPU.Build.0 = Release|Any CPU
		{0C0F47AC-8BC1-41BE-A99B-A3D632C4D117}.Debug|Any CPU.ActiveCfg = Debug|Any CPU
		{0C0F47AC-8BC1-41BE-A99B-A3D632C4D117}.Debug|Any CPU.Build.0 = Debug|Any CPU
		{0C0F47AC-8BC1-41BE-A99B-A3D632C4D117}.Release|Any CPU.ActiveCfg = Release|Any CPU
		{0C0F47AC-8BC1-41BE-A99B-A3D632C4D117}.Release|Any CPU.Build.0 = Release|Any CPU
	EndGlobalSection
	GlobalSection(SolutionProperties) = preSolution
		HideSolutionNode = FALSE
	EndGlobalSection
	GlobalSection(ExtensibilityGlobals) = postSolution
		SolutionGuid = {DE9FC416-3FE8-44E0-B8AF-0A2716AFFF49}
	EndGlobalSection
EndGlobal
